
Microsoft Visual Studio Solution File, Format Version 12.00
# Visual Studio Version 17
VisualStudioVersion = 17.4.33205.214
MinimumVisualStudioVersion = 10.0.40219.1
Project("{FAE04EC0-301F-11D3-BF4B-00C04F79EFBC}") = "Bodega", "Bodega\Bodega.csproj", "{BBD8799A-6977-4238-8B80-88C6AD8B986E}"
EndProject
Global
	GlobalSection(SolutionConfigurationPlatforms) = preSolution
		Debug|Any CPU = Debug|Any CPU
		Release|Any CPU = Release|Any CPU
	EndGlobalSection
	GlobalSection(ProjectConfigurationPlatforms) = postSolution
		{BBD8799A-6977-4238-8B80-88C6AD8B986E}.Debug|Any CPU.ActiveCfg = Debug|Any CPU
		{BBD8799A-6977-4238-8B80-88C6AD8B986E}.Debug|Any CPU.Build.0 = Debug|Any CPU
		{BBD8799A-6977-4238-8B80-88C6AD8B986E}.Release|Any CPU.ActiveCfg = Release|Any CPU
		{BBD8799A-6977-4238-8B80-88C6AD8B986E}.Release|Any CPU.Build.0 = Release|Any CPU
	EndGlobalSection
	GlobalSection(SolutionProperties) = preSolution
		HideSolutionNode = FALSE
	EndGlobalSection
	GlobalSection(ExtensibilityGlobals) = postSolution
		SolutionGuid = {F52AB493-B2F4-4ADD-8A91-A3C1E14E8927}
	EndGlobalSection
EndGlobal
